{
    "name": "gametest-requests",
    "version": "0.1.0",
    "lockfileVersion": 2,
    "requires": true,
    "packages": {
        "": {
            "name": "gametest-requests",
            "devDependencies": {
                "@types/mojang-gametest": "^0.1.3",
                "@types/mojang-minecraft": "^0.1.3",
                "@types/mojang-minecraft-server-admin": "^0.1.0",
                "@types/mojang-net": "^0.1.0",
                "typescript": "^4.4.3"
            }
        },
        "node_modules/@types/mojang-gametest": {
            "version": "0.1.4",
            "resolved": "https://registry.npmjs.org/@types/mojang-gametest/-/mojang-gametest-0.1.4.tgz",
            "integrity": "sha512-rMUhPK8SnepbuL0vE9DfJknhA7LfAMlmtCxqTT9Pb3wEouJ2phvXvXTuo5uDqFxgwMRyISlalycBkR8rL3Od0Q==",
            "dev": true,
            "dependencies": {
                "@types/mojang-minecraft": "*"
            }
        },
        "node_modules/@types/mojang-minecraft": {
            "version": "0.1.5",
            "resolved": "https://registry.npmjs.org/@types/mojang-minecraft/-/mojang-minecraft-0.1.5.tgz",
            "integrity": "sha512-q6TcsBiRRSZ5B9zlszDDXVyCe9LIfDymiUw6eLTTvOQ+2Dx4ehLmZK1sv7mp1dkZYVieoms2jk7af3MjEjtCdQ==",
            "dev": true
        },
        "node_modules/@types/mojang-minecraft-server-admin": {
            "version": "0.1.0",
            "resolved": "https://registry.npmjs.org/@types/mojang-minecraft-server-admin/-/mojang-minecraft-server-admin-0.1.0.tgz",
            "integrity": "sha512-6/IA8zSlFTDsb/5NkQXEXKZlgA+88cJOH41N9eeXrwccRknuSgIC8kjxrdqo2RRaGh6HWMZlXygTO7cKVMKbVQ==",
            "dev": true
        },
        "node_modules/@types/mojang-net": {
            "version": "0.1.0",
            "resolved": "https://registry.npmjs.org/@types/mojang-net/-/mojang-net-0.1.0.tgz",
            "integrity": "sha512-VqLa2WvxnJKscKrbXw04X7Tf0cVdY5bvopFThsTj/IKD61foj8rNh9iILI0v/jjS1KodIZrNfiGB48Nxy72ugg==",
            "dev": true,
            "dependencies": {
                "@types/mojang-minecraft-server-admin": "*"
            }
        },
        "node_modules/typescript": {
            "version": "4.6.4",
            "resolved": "https://registry.npmjs.org/typescript/-/typescript-4.6.4.tgz",
            "integrity": "sha512-9ia/jWHIEbo49HfjrLGfKbZSuWo9iTMwXO+Ca3pRsSpbsMbc7/IU8NKdCZVRRBafVPGnoJeFL76ZOAA84I9fEg==",
            "dev": true,
            "bin": {
                "tsc": "bin/tsc",
                "tsserver": "bin/tsserver"
            },
            "engines": {
                "node": ">=4.2.0"
            }
        }
    },
    "dependencies": {
        "@types/mojang-gametest": {
            "version": "0.1.4",
            "resolved": "https://registry.npmjs.org/@types/mojang-gametest/-/mojang-gametest-0.1.4.tgz",
            "integrity": "sha512-rMUhPK8SnepbuL0vE9DfJknhA7LfAMlmtCxqTT9Pb3wEouJ2phvXvXTuo5uDqFxgwMRyISlalycBkR8rL3Od0Q==",
            "dev": true,
            "requires": {
                "@types/mojang-minecraft": "*"
            }
        },
        "@types/mojang-minecraft": {
            "version": "0.1.5",
            "resolved": "https://registry.npmjs.org/@types/mojang-minecraft/-/mojang-minecraft-0.1.5.tgz",
            "integrity": "sha512-q6TcsBiRRSZ5B9zlszDDXVyCe9LIfDymiUw6eLTTvOQ+2Dx4ehLmZK1sv7mp1dkZYVieoms2jk7af3MjEjtCdQ==",
            "dev": true
        },
        "@types/mojang-minecraft-server-admin": {
            "version": "0.1.0",
            "resolved": "https://registry.npmjs.org/@types/mojang-minecraft-server-admin/-/mojang-minecraft-server-admin-0.1.0.tgz",
            "integrity": "sha512-6/IA8zSlFTDsb/5NkQXEXKZlgA+88cJOH41N9eeXrwccRknuSgIC8kjxrdqo2RRaGh6HWMZlXygTO7cKVMKbVQ==",
            "dev": true
        },
        "@types/mojang-net": {
            "version": "0.1.0",
            "resolved": "https://registry.npmjs.org/@types/mojang-net/-/mojang-net-0.1.0.tgz",
            "integrity": "sha512-VqLa2WvxnJKscKrbXw04X7Tf0cVdY5bvopFThsTj/IKD61foj8rNh9iILI0v/jjS1KodIZrNfiGB48Nxy72ugg==",
            "dev": true,
            "requires": {
                "@types/mojang-minecraft-server-admin": "*"
            }
        },
        "typescript": {
            "version": "4.6.4",
            "resolved": "https://registry.npmjs.org/typescript/-/typescript-4.6.4.tgz",
            "integrity": "sha512-9ia/jWHIEbo49HfjrLGfKbZSuWo9iTMwXO+Ca3pRsSpbsMbc7/IU8NKdCZVRRBafVPGnoJeFL76ZOAA84I9fEg==",
            "dev": true
        }
    }
}
